schema: '2.0'
stages:
  featurization:
    cmd: python code/featurization.py
    deps:
    - path: code/featurization.py
      md5: 9a5f167d913f1fc58b7d8b2277773a31
      size: 3852
    - path: data/data.xlsx
      md5: ffac951f19d76fa82cd7478ea75e4989
      size: 1298197
    outs:
    - path: data/norm_params.json
      md5: 14f42e76ae2e9c7f0eba61593087e78e
      size: 10
    - path: data/processed_train_lookback.npy
      md5: 5d0916d4ce3a25bdb486f2eaa4d93015
      size: 299528
    - path: data/processed_train_prediction.npy
      md5: 1f5af6953abdb7abb6205e822e36b648
      size: 3592928
    - path: data/processed_validation_lookback.npy
      md5: 74c74514d1d7e61489a17de842e00871
      size: 74048
    - path: data/processed_validation_prediction.npy
      md5: 1765306d6d22e321dcde0a8dbcc4837b
      size: 887168
  training:
    cmd: python code/train_model.py
    deps:
    - path: code/arch.py
      md5: 86290458713d33436dbb1d776780ac38
      size: 7962
    - path: code/constants.py
      md5: dccfc64b54906c69822ca3954c84f6ac
      size: 2549
    - path: code/data_prep.py
      md5: 4b32dfce76aea22d3b7096f4de2afba8
      size: 1921
    - path: code/train_model.py
      md5: f66943c4bcacf21e2a5db86b112db49e
      size: 2509
    - path: data/processed_train_lookback.npy
      md5: 5d0916d4ce3a25bdb486f2eaa4d93015
      size: 299528
    - path: data/processed_train_prediction.npy
      md5: 1f5af6953abdb7abb6205e822e36b648
      size: 3592928
    - path: data/processed_validation_lookback.npy
      md5: 74c74514d1d7e61489a17de842e00871
      size: 74048
    - path: data/processed_validation_prediction.npy
      md5: 1765306d6d22e321dcde0a8dbcc4837b
      size: 887168
    outs:
    - path: data/model.pkl
      md5: fadc14efc1ffba81815f088fe6e57aad
      size: 10153
    - path: metrics/train_metric.json
      md5: c369e6c5c1f4152caaa81979df2f64e2
      size: 16
  eval:
    cmd: python code/eval.py
    deps:
    - path: code/eval.py
      md5: 29e6603b18d58125e6a4a209771a1637
      size: 1067
    - path: data/model.pkl
      md5: fadc14efc1ffba81815f088fe6e57aad
      size: 10153
    - path: data/processed_validation_lookback.npy
      md5: 74c74514d1d7e61489a17de842e00871
      size: 74048
    - path: data/processed_validation_prediction.npy
      md5: 1765306d6d22e321dcde0a8dbcc4837b
      size: 887168
    outs:
    - path: metrics/eval.json
      md5: b10a8db164e0754105b7a99be72e3fe5
      size: 11
